// !$*UTF8*$!
{
	archiveVersion = 1;
	classes = {
	};
	objectVersion = 46;
	objects = {

/* Begin PBXBuildFile section */
		F9F4A0AC17CC839F0017561B /* UIKit.framework in Frameworks */ = {isa = PBXBuildFile; fileRef = F9F4A0AB17CC839F0017561B /* UIKit.framework */; };
		F9F4A0AE17CC839F0017561B /* Foundation.framework in Frameworks */ = {isa = PBXBuildFile; fileRef = F9F4A0AD17CC839F0017561B /* Foundation.framework */; };
		F9F4A0B017CC839F0017561B /* CoreGraphics.framework in Frameworks */ = {isa = PBXBuildFile; fileRef = F9F4A0AF17CC839F0017561B /* CoreGraphics.framework */; };
		F9F4A0B617CC839F0017561B /* InfoPlist.strings in Resources */ = {isa = PBXBuildFile; fileRef = F9F4A0B417CC839F0017561B /* InfoPlist.strings */; };
		F9F4A0B817CC839F0017561B /* main.m in Sources */ = {isa = PBXBuildFile; fileRef = F9F4A0B717CC839F0017561B /* main.m */; };
		F9F4A0BC17CC839F0017561B /* AppDelegate.m in Sources */ = {isa = PBXBuildFile; fileRef = F9F4A0BB17CC839F0017561B /* AppDelegate.m */; };
		F9F4A0BE17CC839F0017561B /* Default.png in Resources */ = {isa = PBXBuildFile; fileRef = F9F4A0BD17CC839F0017561B /* Default.png */; };
		F9F4A0C017CC839F0017561B /* Default@2x.png in Resources */ = {isa = PBXBuildFile; fileRef = F9F4A0BF17CC839F0017561B /* Default@2x.png */; };
		F9F4A0C217CC839F0017561B /* Default-568h@2x.png in Resources */ = {isa = PBXBuildFile; fileRef = F9F4A0C117CC839F0017561B /* Default-568h@2x.png */; };
/* End PBXBuildFile section */

/* Begin PBXFileReference section */
		F9F4A0A817CC839F0017561B /* gitHub_Project.app */ = {isa = PBXFileReference; explicitFileType = wrapper.application; includeInIndex = 0; path = gitHub_Project.app; sourceTree = BUILT_PRODUCTS_DIR; };
		F9F4A0AB17CC839F0017561B /* UIKit.framework */ = {isa = PBXFileReference; lastKnownFileType = wrapper.framework; name = UIKit.framework; path = System/Library/Frameworks/UIKit.framework; sourceTree = SDKROOT; };
		F9F4A0AD17CC839F0017561B /* Foundation.framework */ = {isa = PBXFileReference; lastKnownFileType = wrapper.framework; name = Foundation.framework; path = System/Library/Frameworks/Foundation.framework; sourceTree = SDKROOT; };
		F9F4A0AF17CC839F0017561B /* CoreGraphics.framework */ = {isa = PBXFileReference; lastKnownFileType = wrapper.framework; name = CoreGraphics.framework; path = System/Library/Frameworks/CoreGraphics.framework; sourceTree = SDKROOT; };
		F9F4A0B317CC839F0017561B /* gitHub_Project-Info.plist */ = {isa = PBXFileReference; lastKnownFileType = text.plist.xml; path = "gitHub_Project-Info.plist"; sourceTree = "<group>"; };
		F9F4A0B517CC839F0017561B /* en */ = {isa = PBXFileReference; lastKnownFileType = text.plist.strings; name = en; path = en.lproj/InfoPlist.strings; sourceTree = "<group>"; };
		F9F4A0B717CC839F0017561B /* main.m */ = {isa = PBXFileReference; lastKnownFileType = sourcecode.c.objc; path = main.m; sourceTree = "<group>"; };
		F9F4A0B917CC839F0017561B /* gitHub_Project-Prefix.pch */ = {isa = PBXFileReference; lastKnownFileType = sourcecode.c.h; path = "gitHub_Project-Prefix.pch"; sourceTree = "<group>"; };
		F9F4A0BA17CC839F0017561B /* AppDelegate.h */ = {isa = PBXFileReference; lastKnownFileType = sourcecode.c.h; path = AppDelegate.h; sourceTree = "<group>"; };
		F9F4A0BB17CC839F0017561B /* AppDelegate.m */ = {isa = PBXFileReference; lastKnownFileType = sourcecode.c.objc; path = AppDelegate.m; sourceTree = "<group>"; };
		F9F4A0BD17CC839F0017561B /* Default.png */ = {isa = PBXFileReference; lastKnownFileType = image.png; path = Default.png; sourceTree = "<group>"; };
		F9F4A0BF17CC839F0017561B /* Default@2x.png */ = {isa = PBXFileReference; lastKnownFileType = image.png; path = "Default@2x.png"; sourceTree = "<group>"; };
		F9F4A0C117CC839F0017561B /* Default-568h@2x.png */ = {isa = PBXFileReference; lastKnownFileType = image.png; path = "Default-568h@2x.png"; sourceTree = "<group>"; };
/* End PBXFileReference section */

/* Begin PBXFrameworksBuildPhase section */
		F9F4A0A517CC839F0017561B /* Frameworks */ = {
			isa = PBXFrameworksBuildPhase;
			buildActionMask = 2147483647;
			files = (
				F9F4A0AC17CC839F0017561B /* UIKit.framework in Frameworks */,
				F9F4A0AE17CC839F0017561B /* Foundation.framework in Frameworks */,
				F9F4A0B017CC839F0017561B /* CoreGraphics.framework in Frameworks */,
			);
			runOnlyForDeploymentPostprocessing = 0;
		};
/* End PBXFrameworksBuildPhase section */

/* Begin PBXGroup section */
		F9F4A09F17CC839F0017561B = {
			isa = PBXGroup;
			children = (
				F9F4A0B117CC839F0017561B /* gitHub_Project */,
				F9F4A0AA17CC839F0017561B /* Frameworks */,
				F9F4A0A917CC839F0017561B /* Products */,
			);
			sourceTree = "<group>";
		};
		F9F4A0A917CC839F0017561B /* Products */ = {
			isa = PBXGroup;
			children = (
				F9F4A0A817CC839F0017561B /* gitHub_Project.app */,
			);
			name = Products;
			sourceTree = "<group>";
		};
		F9F4A0AA17CC839F0017561B /* Frameworks */ = {
			isa = PBXGroup;
			children = (
				F9F4A0AB17CC839F0017561B /* UIKit.framework */,
				F9F4A0AD17CC839F0017561B /* Foundation.framework */,
				F9F4A0AF17CC839F0017561B /* CoreGraphics.framework */,
			);
			name = Frameworks;
			sourceTree = "<group>";
		};
		F9F4A0B117CC839F0017561B /* gitHub_Project */ = {
			isa = PBXGroup;
			children = (
				F9F4A0BA17CC839F0017561B /* AppDelegate.h */,
				F9F4A0BB17CC839F0017561B /* AppDelegate.m */,
				F9F4A0B217CC839F0017561B /* Supporting Files */,
			);
			path = gitHub_Project;
			sourceTree = "<group>";
		};
		F9F4A0B217CC839F0017561B /* Supporting Files */ = {
			isa = PBXGroup;
			children = (
				F9F4A0B317CC839F0017561B /* gitHub_Project-Info.plist */,
				F9F4A0B417CC839F0017561B /* InfoPlist.strings */,
				F9F4A0B717CC839F0017561B /* main.m */,
				F9F4A0B917CC839F0017561B /* gitHub_Project-Prefix.pch */,
				F9F4A0BD17CC839F0017561B /* Default.png */,
				F9F4A0BF17CC839F0017561B /* Default@2x.png */,
				F9F4A0C117CC839F0017561B /* Default-568h@2x.png */,
			);
			name = "Supporting Files";
			sourceTree = "<group>";
		};
/* End PBXGroup section */

/* Begin PBXNativeTarget section */
		F9F4A0A717CC839F0017561B /* gitHub_Project */ = {
			isa = PBXNativeTarget;
			buildConfigurationList = F9F4A0C517CC839F0017561B /* Build configuration list for PBXNativeTarget "gitHub_Project" */;
			buildPhases = (
				F9F4A0A417CC839F0017561B /* Sources */,
				F9F4A0A517CC839F0017561B /* Frameworks */,
				F9F4A0A617CC839F0017561B /* Resources */,
			);
			buildRules = (
			);
			dependencies = (
			);
			name = gitHub_Project;
			productName = gitHub_Project;
			productReference = F9F4A0A817CC839F0017561B /* gitHub_Project.app */;
			productType = "com.apple.product-type.application";
		};
/* End PBXNativeTarget section */

/* Begin PBXProject section */
		F9F4A0A017CC839F0017561B /* Project object */ = {
			isa = PBXProject;
			attributes = {
				LastUpgradeCheck = 0460;
				ORGANIZATIONNAME = chengYan;
			};
			buildConfigurationList = F9F4A0A317CC839F0017561B /* Build configuration list for PBXProject "gitHub_Project" */;
			compatibilityVersion = "Xcode 3.2";
			developmentRegion = English;
			hasScannedForEncodings = 0;
			knownRegions = (
				en,
			);
			mainGroup = F9F4A09F17CC839F0017561B;
			productRefGroup = F9F4A0A917CC839F0017561B /* Products */;
			projectDirPath = "";
			projectRoot = "";
			targets = (
				F9F4A0A717CC839F0017561B /* gitHub_Project */,
			);
		};
/* End PBXProject section */

/* Begin PBXResourcesBuildPhase section */
		F9F4A0A617CC839F0017561B /* Resources */ = {
			isa = PBXResourcesBuildPhase;
			buildActionMask = 2147483647;
			files = (
				F9F4A0B617CC839F0017561B /* InfoPlist.strings in Resources */,
				F9F4A0BE17CC839F0017561B /* Default.png in Resources */,
				F9F4A0C017CC839F0017561B /* Default@2x.png in Resources */,
				F9F4A0C217CC839F0017561B /* Default-568h@2x.png in Resources */,
			);
			runOnlyForDeploymentPostprocessing = 0;
		};
/* End PBXResourcesBuildPhase section */

/* Begin PBXSourcesBuildPhase section */
		F9F4A0A417CC839F0017561B /* Sources */ = {
			isa = PBXSourcesBuildPhase;
			buildActionMask = 2147483647;
			files = (
				F9F4A0B817CC839F0017561B /* main.m in Sources */,
				F9F4A0BC17CC839F0017561B /* AppDelegate.m in Sources */,
			);
			runOnlyForDeploymentPostprocessing = 0;
		};
/* End PBXSourcesBuildPhase section */

/* Begin PBXVariantGroup section */
		F9F4A0B417CC839F0017561B /* InfoPlist.strings */ = {
			isa = PBXVariantGroup;
			children = (
				F9F4A0B517CC839F0017561B /* en */,
			);
			name = InfoPlist.strings;
			sourceTree = "<group>";
		};
/* End PBXVariantGroup section */

/* Begin XCBuildConfiguration section */
		F9F4A0C317CC839F0017561B /* Debug */ = {
			isa = XCBuildConfiguration;
			buildSettings = {
				ALWAYS_SEARCH_USER_PATHS = NO;
				CLANG_CXX_LANGUAGE_STANDARD = "gnu++0x";
				CLANG_CXX_LIBRARY = "libc++";
				CLANG_WARN_CONSTANT_CONVERSION = YES;
				CLANG_WARN_EMPTY_BODY = YES;
				CLANG_WARN_ENUM_CONVERSION = YES;
				CLANG_WARN_INT_CONVERSION = YES;
				CLANG_WARN__DUPLICATE_METHOD_MATCH = YES;
				"CODE_SIGN_IDENTITY[sdk=iphoneos*]" = "iPhone Developer";
				COPY_PHASE_STRIP = NO;
				GCC_C_LANGUAGE_STANDARD = gnu99;
				GCC_DYNAMIC_NO_PIC = NO;
				GCC_OPTIMIZATION_LEVEL = 0;
				GCC_PREPROCESSOR_DEFINITIONS = (
					"DEBUG=1",
					"$(inherited)",
				);
				GCC_SYMBOLS_PRIVATE_EXTERN = NO;
				GCC_WARN_ABOUT_RETURN_TYPE = YES;
				GCC_WARN_UNINITIALIZED_AUTOS = YES;
				GCC_WARN_UNUSED_VARIABLE = YES;
				IPHONEOS_DEPLOYMENT_TARGET = 6.1;
				ONLY_ACTIVE_ARCH = YES;
				SDKROOT = iphoneos;
			};
			name = Debug;
		};
		F9F4A0C417CC839F0017561B /* Release */ = {
			isa = XCBuildConfiguration;
			buildSettings = {
				ALWAYS_SEARCH_USER_PATHS = NO;
				CLANG_CXX_LANGUAGE_STANDARD = "gnu++0x";
				CLANG_CXX_LIBRARY = "libc++";
				CLANG_WARN_CONSTANT_CONVERSION = YES;
				CLANG_WARN_EMPTY_BODY = YES;
				CLANG_WARN_ENUM_CONVERSION = YES;
				CLANG_WARN_INT_CONVERSION = YES;
				CLANG_WARN__DUPLICATE_METHOD_MATCH = YES;
				"CODE_SIGN_IDENTITY[sdk=iphoneos*]" = "iPhone Developer";
				COPY_PHASE_STRIP = YES;
				GCC_C_LANGUAGE_STANDARD = gnu99;
				GCC_WARN_ABOUT_RETURN_TYPE = YES;
				GCC_WARN_UNINITIALIZED_AUTOS = YES;
				GCC_WARN_UNUSED_VARIABLE = YES;
				IPHONEOS_DEPLOYMENT_TARGET = 6.1;
				OTHER_CFLAGS = "-DNS_BLOCK_ASSERTIONS=1";
				SDKROOT = iphoneos;
				VALIDATE_PRODUCT = YES;
			};
			name = Release;
		};
		F9F4A0C617CC839F0017561B /* Debug */ = {
			isa = XCBuildConfiguration;
			buildSettings = {
				GCC_PRECOMPILE_PREFIX_HEADER = YES;
				GCC_PREFIX_HEADER = "gitHub_Project/gitHub_Project-Prefix.pch";
				INFOPLIST_FILE = "gitHub_Project/gitHub_Project-Info.plist";
				PRODUCT_NAME = "$(TARGET_NAME)";
				WRAPPER_EXTENSION = app;
			};
			name = Debug;
		};
		F9F4A0C717CC839F0017561B /* Release */ = {
			isa = XCBuildConfiguration;
			buildSettings = {
				GCC_PRECOMPILE_PREFIX_HEADER = YES;
				GCC_PREFIX_HEADER = "gitHub_Project/gitHub_Project-Prefix.pch";
				INFOPLIST_FILE = "gitHub_Project/gitHub_Project-Info.plist";
				PRODUCT_NAME = "$(TARGET_NAME)";
				WRAPPER_EXTENSION = app;
			};
			name = Release;
		};
/* End XCBuildConfiguration section */

/* Begin XCConfigurationList section */
		F9F4A0A317CC839F0017561B /* Build configuration list for PBXProject "gitHub_Project" */ = {
			isa = XCConfigurationList;
			buildConfigurations = (
				F9F4A0C317CC839F0017561B /* Debug */,
				F9F4A0C417CC839F0017561B /* Release */,
			);
			defaultConfigurationIsVisible = 0;
			defaultConfigurationName = Release;
		};
		F9F4A0C517CC839F0017561B /* Build configuration list for PBXNativeTarget "gitHub_Project" */ = {
			isa = XCConfigurationList;
			buildConfigurations = (
				F9F4A0C617CC839F0017561B /* Debug */,
				F9F4A0C717CC839F0017561B /* Release */,
			);
			defaultConfigurationIsVisible = 0;
		};
/* End XCConfigurationList section */
	};
	rootObject = F9F4A0A017CC839F0017561B /* Project object */;
}
